version = 1
revision = 2
requires-python = ">=3.11"

[[package]]
name = "django-types"
version = "0.22.0"
source = { registry = "https://pypi.org/simple" }
dependencies = [
    { name = "types-psycopg2" },
]
sdist = { url = "https://files.pythonhosted.org/packages/3d/26/5f2873f7208dee0791710fda494a8d3ef7fb1d34785069b55168a23e2ac2/django_types-0.22.0.tar.gz", hash = "sha256:4cecc9eee846e7ff2a398bec9dfe6543e76efb922a7a58c5d6064bcb0e6a3dc5", size = 187214, upload-time = "2025-07-15T01:05:48.039Z" }
wheels = [
    { url = "https://files.pythonhosted.org/packages/82/3a/0ecbaab07cfe7b0a4fd72dfde4be8e7c11aad2b88c816cfcbb800c14cbda/django_types-0.22.0-py3-none-any.whl", hash = "sha256:ba15c756c7a732e58afd0737e54489f1c5e6f1bd24132e9199c637b1f88b057c", size = 376869, upload-time = "2025-07-15T01:05:46.621Z" },
]

[[package]]
name = "nvim"
version = "0.1.0"
source = { virtual = "." }
dependencies = [
    { name = "django-types" },
]

[package.metadata]
requires-dist = [{ name = "django-types", specifier = ">=0.22.0" }]

[[package]]
name = "types-psycopg2"
version = "2.9.21.20250718"
source = { registry = "https://pypi.org/simple" }
sdist = { url = "https://files.pythonhosted.org/packages/41/7c/d514803e4dbc5361c4b4600a143d6bd4fd593832bd8673f23423328bb26d/types_psycopg2-2.9.21.20250718.tar.gz", hash = "sha256:dc09a97272ef67e739e57b9f4740b761208f4514257e311c0b05c8c7a37d04b4", size = 26597, upload-time = "2025-07-18T03:22:39.09Z" }
wheels = [
    { url = "https://files.pythonhosted.org/packages/6d/df/9bb191e6e1662e8697d56fad044381df3bce2f5aabc57334063dc5a48907/types_psycopg2-2.9.21.20250718-py3-none-any.whl", hash = "sha256:bcf085d4293bda48f5943a46dadf0389b2f98f7e8007722f7e1c12ee0f541858", size = 24878, upload-time = "2025-07-18T03:22:37.798Z" },
]
